
Microsoft Visual Studio Solution File, Format Version 12.00
# Visual Studio Version 17
VisualStudioVersion = 17.14.36930.0 d17.14
MinimumVisualStudioVersion = 10.0.40219.1
Project("{FAE04EC0-301F-11D3-BF4B-00C04F79EFBC}") = "NeutralinoExtension", "NeutralinoExtension\NeutralinoExtension.csproj", "{4637476F-4E19-4D12-B0F8-88F944B2970D}"
EndProject
Global
	GlobalSection(SolutionConfigurationPlatforms) = preSolution
		Debug|Any CPU = Debug|Any CPU
		Release|Any CPU = Release|Any CPU
	EndGlobalSection
	GlobalSection(ProjectConfigurationPlatforms) = postSolution
		{4637476F-4E19-4D12-B0F8-88F944B2970D}.Debug|Any CPU.ActiveCfg = Debug|Any CPU
		{4637476F-4E19-4D12-B0F8-88F944B2970D}.Debug|Any CPU.Build.0 = Debug|Any CPU
		{4637476F-4E19-4D12-B0F8-88F944B2970D}.Release|Any CPU.ActiveCfg = Release|Any CPU
		{4637476F-4E19-4D12-B0F8-88F944B2970D}.Release|Any CPU.Build.0 = Release|Any CPU
	EndGlobalSection
	GlobalSection(SolutionProperties) = preSolution
		HideSolutionNode = FALSE
	EndGlobalSection
	GlobalSection(ExtensibilityGlobals) = postSolution
		SolutionGuid = {E5899D6A-15B1-4FA3-B5B2-D84334A28069}
	EndGlobalSection
EndGlobal
